// !$*UTF8*$!
{
	archiveVersion = 1;
	classes = {
	};
	objectVersion = 56;
	objects = {

/* Begin PBXBuildFile section */
		531FFB612C4577E3002BF9B2 /* cryptoApp.swift in Sources */ = {isa = PBXBuildFile; fileRef = 531FFB602C4577E3002BF9B2 /* cryptoApp.swift */; };
		531FFB632C4577E3002BF9B2 /* ContentView.swift in Sources */ = {isa = PBXBuildFile; fileRef = 531FFB622C4577E3002BF9B2 /* ContentView.swift */; };
		531FFB682C4577E4002BF9B2 /* Preview Assets.xcassets in Resources */ = {isa = PBXBuildFile; fileRef = 531FFB672C4577E4002BF9B2 /* Preview Assets.xcassets */; };
		531FFB722C46098B002BF9B2 /* Color.swift in Sources */ = {isa = PBXBuildFile; fileRef = 531FFB712C46098B002BF9B2 /* Color.swift */; };
		531FFB782C460B7C002BF9B2 /* HomeView.swift in Sources */ = {isa = PBXBuildFile; fileRef = 531FFB772C460B7C002BF9B2 /* HomeView.swift */; };
		531FFB7C2C460CB9002BF9B2 /* CircleButtonView.swift in Sources */ = {isa = PBXBuildFile; fileRef = 531FFB7B2C460CB9002BF9B2 /* CircleButtonView.swift */; };
		531FFB7E2C460FC5002BF9B2 /* CircleButtonAnimationView.swift in Sources */ = {isa = PBXBuildFile; fileRef = 531FFB7D2C460FC5002BF9B2 /* CircleButtonAnimationView.swift */; };
		531FFB812C46161C002BF9B2 /* CoinModel.swift in Sources */ = {isa = PBXBuildFile; fileRef = 531FFB802C46161C002BF9B2 /* CoinModel.swift */; };
		531FFB832C462872002BF9B2 /* CoinRowView.swift in Sources */ = {isa = PBXBuildFile; fileRef = 531FFB822C462872002BF9B2 /* CoinRowView.swift */; };
		531FFB852C4628C2002BF9B2 /* PreviewProvider.swift in Sources */ = {isa = PBXBuildFile; fileRef = 531FFB842C4628C2002BF9B2 /* PreviewProvider.swift */; };
		531FFB872C462C29002BF9B2 /* Double.swift in Sources */ = {isa = PBXBuildFile; fileRef = 531FFB862C462C29002BF9B2 /* Double.swift */; };
		531FFB892C464A7C002BF9B2 /* HomeViewModel.swift in Sources */ = {isa = PBXBuildFile; fileRef = 531FFB882C464A7C002BF9B2 /* HomeViewModel.swift */; };
		531FFB8C2C4652AC002BF9B2 /* CoinDataRepository.swift in Sources */ = {isa = PBXBuildFile; fileRef = 531FFB8B2C4652AC002BF9B2 /* CoinDataRepository.swift */; };
		531FFB8F2C4661C6002BF9B2 /* NetworkingManager.swift in Sources */ = {isa = PBXBuildFile; fileRef = 531FFB8E2C4661C6002BF9B2 /* NetworkingManager.swift */; };
		531FFB922C4673DE002BF9B2 /* CoinImageView.swift in Sources */ = {isa = PBXBuildFile; fileRef = 531FFB912C4673DE002BF9B2 /* CoinImageView.swift */; };
		531FFB942C4676E5002BF9B2 /* CoinImageRepository.swift in Sources */ = {isa = PBXBuildFile; fileRef = 531FFB932C4676E5002BF9B2 /* CoinImageRepository.swift */; };
		531FFB962C4678AC002BF9B2 /* CoinImageViewModel.swift in Sources */ = {isa = PBXBuildFile; fileRef = 531FFB952C4678AC002BF9B2 /* CoinImageViewModel.swift */; };
		53350FD62C5747970086CF78 /* ChartView.swift in Sources */ = {isa = PBXBuildFile; fileRef = 53350FD52C5747970086CF78 /* ChartView.swift */; };
		53350FD82C574EC90086CF78 /* Date.swift in Sources */ = {isa = PBXBuildFile; fileRef = 53350FD72C574EC90086CF78 /* Date.swift */; };
		53350FDA2C576BF40086CF78 /* String.swift in Sources */ = {isa = PBXBuildFile; fileRef = 53350FD92C576BF40086CF78 /* String.swift */; };
		533D79532C56A25D005F4AC3 /* CoinDetailModel.swift in Sources */ = {isa = PBXBuildFile; fileRef = 533D79522C56A25D005F4AC3 /* CoinDetailModel.swift */; };
		533D79552C56A3D6005F4AC3 /* DetailViewModel.swift in Sources */ = {isa = PBXBuildFile; fileRef = 533D79542C56A3D6005F4AC3 /* DetailViewModel.swift */; };
		533D79572C56A408005F4AC3 /* CoinDetailDataRepository.swift in Sources */ = {isa = PBXBuildFile; fileRef = 533D79562C56A408005F4AC3 /* CoinDetailDataRepository.swift */; };
		5341EF972C4AB89D00042356 /* StatisticModel.swift in Sources */ = {isa = PBXBuildFile; fileRef = 5341EF962C4AB89D00042356 /* StatisticModel.swift */; };
		5341EF9B2C4ABA1300042356 /* StatisticView.swift in Sources */ = {isa = PBXBuildFile; fileRef = 5341EF9A2C4ABA1300042356 /* StatisticView.swift */; };
		5341EF9D2C4ABE3F00042356 /* HomeStatisticView.swift in Sources */ = {isa = PBXBuildFile; fileRef = 5341EF9C2C4ABE3F00042356 /* HomeStatisticView.swift */; };
		5341EFA12C4AC36C00042356 /* MarketDataModel.swift in Sources */ = {isa = PBXBuildFile; fileRef = 5341EFA02C4AC36C00042356 /* MarketDataModel.swift */; };
		5341EFA32C4AC63300042356 /* MarketDataRepository.swift in Sources */ = {isa = PBXBuildFile; fileRef = 5341EFA22C4AC63300042356 /* MarketDataRepository.swift */; };
		5341EFA52C4BA5F300042356 /* PortfolioVIew.swift in Sources */ = {isa = PBXBuildFile; fileRef = 5341EFA42C4BA5F300042356 /* PortfolioVIew.swift */; };
		5341EFA72C4BAA4900042356 /* XMarkButton.swift in Sources */ = {isa = PBXBuildFile; fileRef = 5341EFA62C4BAA4900042356 /* XMarkButton.swift */; };
		5341EFA92C4BABFE00042356 /* CoinLogoView.swift in Sources */ = {isa = PBXBuildFile; fileRef = 5341EFA82C4BABFE00042356 /* CoinLogoView.swift */; };
		5341EFAC2C4C008200042356 /* PortfolioContainer.xcdatamodeld in Sources */ = {isa = PBXBuildFile; fileRef = 5341EFAA2C4C008200042356 /* PortfolioContainer.xcdatamodeld */; };
		5341EFAE2C4C011A00042356 /* PortfolioDataRepository.swift in Sources */ = {isa = PBXBuildFile; fileRef = 5341EFAD2C4C011A00042356 /* PortfolioDataRepository.swift */; };
		536CC6B42C57E71B00966E6A /* LaunchScreen.storyboard in Resources */ = {isa = PBXBuildFile; fileRef = 536CC6B32C57E71B00966E6A /* LaunchScreen.storyboard */; };
		536CC6B62C57E8A800966E6A /* LaunchView.swift in Sources */ = {isa = PBXBuildFile; fileRef = 536CC6B52C57E8A800966E6A /* LaunchView.swift */; };
		53863EAD2C4D22EA00D11F53 /* HapticManager.swift in Sources */ = {isa = PBXBuildFile; fileRef = 53863EAC2C4D22EA00D11F53 /* HapticManager.swift */; };
		53B158B32C514C68000D1EF4 /* DetailView.swift in Sources */ = {isa = PBXBuildFile; fileRef = 53B158B22C514C68000D1EF4 /* DetailView.swift */; };
		53ECBCCF2C49645D00171810 /* LocalFileManager.swift in Sources */ = {isa = PBXBuildFile; fileRef = 53ECBCCE2C49645D00171810 /* LocalFileManager.swift */; };
		53ECBCD12C4971CD00171810 /* SearchBarView.swift in Sources */ = {isa = PBXBuildFile; fileRef = 53ECBCD02C4971CD00171810 /* SearchBarView.swift */; };
		53ECBCD32C4976A000171810 /* UIApplication.swift in Sources */ = {isa = PBXBuildFile; fileRef = 53ECBCD22C4976A000171810 /* UIApplication.swift */; };
		53ECBCD52C4A5D4700171810 /* Assets.xcassets in Resources */ = {isa = PBXBuildFile; fileRef = 53ECBCD42C4A5D4600171810 /* Assets.xcassets */; };
/* End PBXBuildFile section */

/* Begin PBXFileReference section */
		531FFB5D2C4577E3002BF9B2 /* crypto.app */ = {isa = PBXFileReference; explicitFileType = wrapper.application; includeInIndex = 0; path = crypto.app; sourceTree = BUILT_PRODUCTS_DIR; };
		531FFB602C4577E3002BF9B2 /* cryptoApp.swift */ = {isa = PBXFileReference; lastKnownFileType = sourcecode.swift; path = cryptoApp.swift; sourceTree = "<group>"; };
		531FFB622C4577E3002BF9B2 /* ContentView.swift */ = {isa = PBXFileReference; lastKnownFileType = sourcecode.swift; path = ContentView.swift; sourceTree = "<group>"; };
		531FFB672C4577E4002BF9B2 /* Preview Assets.xcassets */ = {isa = PBXFileReference; lastKnownFileType = folder.assetcatalog; path = "Preview Assets.xcassets"; sourceTree = "<group>"; };
		531FFB712C46098B002BF9B2 /* Color.swift */ = {isa = PBXFileReference; lastKnownFileType = sourcecode.swift; path = Color.swift; sourceTree = "<group>"; };
		531FFB772C460B7C002BF9B2 /* HomeView.swift */ = {isa = PBXFileReference; lastKnownFileType = sourcecode.swift; path = HomeView.swift; sourceTree = "<group>"; };
		531FFB7B2C460CB9002BF9B2 /* CircleButtonView.swift */ = {isa = PBXFileReference; lastKnownFileType = sourcecode.swift; path = CircleButtonView.swift; sourceTree = "<group>"; };
		531FFB7D2C460FC5002BF9B2 /* CircleButtonAnimationView.swift */ = {isa = PBXFileReference; lastKnownFileType = sourcecode.swift; path = CircleButtonAnimationView.swift; sourceTree = "<group>"; };
		531FFB802C46161C002BF9B2 /* CoinModel.swift */ = {isa = PBXFileReference; lastKnownFileType = sourcecode.swift; path = CoinModel.swift; sourceTree = "<group>"; };
		531FFB822C462872002BF9B2 /* CoinRowView.swift */ = {isa = PBXFileReference; lastKnownFileType = sourcecode.swift; path = CoinRowView.swift; sourceTree = "<group>"; };
		531FFB842C4628C2002BF9B2 /* PreviewProvider.swift */ = {isa = PBXFileReference; lastKnownFileType = sourcecode.swift; path = PreviewProvider.swift; sourceTree = "<group>"; };
		531FFB862C462C29002BF9B2 /* Double.swift */ = {isa = PBXFileReference; lastKnownFileType = sourcecode.swift; path = Double.swift; sourceTree = "<group>"; };
		531FFB882C464A7C002BF9B2 /* HomeViewModel.swift */ = {isa = PBXFileReference; lastKnownFileType = sourcecode.swift; path = HomeViewModel.swift; sourceTree = "<group>"; };
		531FFB8B2C4652AC002BF9B2 /* CoinDataRepository.swift */ = {isa = PBXFileReference; lastKnownFileType = sourcecode.swift; path = CoinDataRepository.swift; sourceTree = "<group>"; };
		531FFB8E2C4661C6002BF9B2 /* NetworkingManager.swift */ = {isa = PBXFileReference; lastKnownFileType = sourcecode.swift; path = NetworkingManager.swift; sourceTree = "<group>"; };
		531FFB912C4673DE002BF9B2 /* CoinImageView.swift */ = {isa = PBXFileReference; lastKnownFileType = sourcecode.swift; path = CoinImageView.swift; sourceTree = "<group>"; };
		531FFB932C4676E5002BF9B2 /* CoinImageRepository.swift */ = {isa = PBXFileReference; lastKnownFileType = sourcecode.swift; path = CoinImageRepository.swift; sourceTree = "<group>"; };
		531FFB952C4678AC002BF9B2 /* CoinImageViewModel.swift */ = {isa = PBXFileReference; lastKnownFileType = sourcecode.swift; path = CoinImageViewModel.swift; sourceTree = "<group>"; };
		53350FD52C5747970086CF78 /* ChartView.swift */ = {isa = PBXFileReference; lastKnownFileType = sourcecode.swift; path = ChartView.swift; sourceTree = "<group>"; };
		53350FD72C574EC90086CF78 /* Date.swift */ = {isa = PBXFileReference; lastKnownFileType = sourcecode.swift; path = Date.swift; sourceTree = "<group>"; };
		53350FD92C576BF40086CF78 /* String.swift */ = {isa = PBXFileReference; lastKnownFileType = sourcecode.swift; path = String.swift; sourceTree = "<group>"; };
		533D79522C56A25D005F4AC3 /* CoinDetailModel.swift */ = {isa = PBXFileReference; lastKnownFileType = sourcecode.swift; path = CoinDetailModel.swift; sourceTree = "<group>"; };
		533D79542C56A3D6005F4AC3 /* DetailViewModel.swift */ = {isa = PBXFileReference; lastKnownFileType = sourcecode.swift; path = DetailViewModel.swift; sourceTree = "<group>"; };
		533D79562C56A408005F4AC3 /* CoinDetailDataRepository.swift */ = {isa = PBXFileReference; lastKnownFileType = sourcecode.swift; path = CoinDetailDataRepository.swift; sourceTree = "<group>"; };
		5341EF962C4AB89D00042356 /* StatisticModel.swift */ = {isa = PBXFileReference; lastKnownFileType = sourcecode.swift; path = StatisticModel.swift; sourceTree = "<group>"; };
		5341EF9A2C4ABA1300042356 /* StatisticView.swift */ = {isa = PBXFileReference; lastKnownFileType = sourcecode.swift; path = StatisticView.swift; sourceTree = "<group>"; };
		5341EF9C2C4ABE3F00042356 /* HomeStatisticView.swift */ = {isa = PBXFileReference; lastKnownFileType = sourcecode.swift; path = HomeStatisticView.swift; sourceTree = "<group>"; };
		5341EFA02C4AC36C00042356 /* MarketDataModel.swift */ = {isa = PBXFileReference; lastKnownFileType = sourcecode.swift; path = MarketDataModel.swift; sourceTree = "<group>"; };
		5341EFA22C4AC63300042356 /* MarketDataRepository.swift */ = {isa = PBXFileReference; lastKnownFileType = sourcecode.swift; path = MarketDataRepository.swift; sourceTree = "<group>"; };
		5341EFA42C4BA5F300042356 /* PortfolioVIew.swift */ = {isa = PBXFileReference; lastKnownFileType = sourcecode.swift; path = PortfolioVIew.swift; sourceTree = "<group>"; };
		5341EFA62C4BAA4900042356 /* XMarkButton.swift */ = {isa = PBXFileReference; lastKnownFileType = sourcecode.swift; path = XMarkButton.swift; sourceTree = "<group>"; };
		5341EFA82C4BABFE00042356 /* CoinLogoView.swift */ = {isa = PBXFileReference; lastKnownFileType = sourcecode.swift; path = CoinLogoView.swift; sourceTree = "<group>"; };
		5341EFAB2C4C008200042356 /* PortfolioContainer.xcdatamodel */ = {isa = PBXFileReference; lastKnownFileType = wrapper.xcdatamodel; path = PortfolioContainer.xcdatamodel; sourceTree = "<group>"; };
		5341EFAD2C4C011A00042356 /* PortfolioDataRepository.swift */ = {isa = PBXFileReference; lastKnownFileType = sourcecode.swift; path = PortfolioDataRepository.swift; sourceTree = "<group>"; };
		536CC6B32C57E71B00966E6A /* LaunchScreen.storyboard */ = {isa = PBXFileReference; lastKnownFileType = file.storyboard; path = LaunchScreen.storyboard; sourceTree = "<group>"; };
		536CC6B52C57E8A800966E6A /* LaunchView.swift */ = {isa = PBXFileReference; lastKnownFileType = sourcecode.swift; path = LaunchView.swift; sourceTree = "<group>"; };
		53863EAC2C4D22EA00D11F53 /* HapticManager.swift */ = {isa = PBXFileReference; lastKnownFileType = sourcecode.swift; path = HapticManager.swift; sourceTree = "<group>"; };
		53B158B22C514C68000D1EF4 /* DetailView.swift */ = {isa = PBXFileReference; lastKnownFileType = sourcecode.swift; path = DetailView.swift; sourceTree = "<group>"; };
		53ECBCCE2C49645D00171810 /* LocalFileManager.swift */ = {isa = PBXFileReference; lastKnownFileType = sourcecode.swift; path = LocalFileManager.swift; sourceTree = "<group>"; };
		53ECBCD02C4971CD00171810 /* SearchBarView.swift */ = {isa = PBXFileReference; lastKnownFileType = sourcecode.swift; path = SearchBarView.swift; sourceTree = "<group>"; };
		53ECBCD22C4976A000171810 /* UIApplication.swift */ = {isa = PBXFileReference; lastKnownFileType = sourcecode.swift; path = UIApplication.swift; sourceTree = "<group>"; };
		53ECBCD42C4A5D4600171810 /* Assets.xcassets */ = {isa = PBXFileReference; lastKnownFileType = folder.assetcatalog; path = Assets.xcassets; sourceTree = "<group>"; };
/* End PBXFileReference section */

/* Begin PBXFrameworksBuildPhase section */
		531FFB5A2C4577E3002BF9B2 /* Frameworks */ = {
			isa = PBXFrameworksBuildPhase;
			buildActionMask = 2147483647;
			files = (
			);
			runOnlyForDeploymentPostprocessing = 0;
		};
/* End PBXFrameworksBuildPhase section */

/* Begin PBXGroup section */
		531FFB542C4577E3002BF9B2 = {
			isa = PBXGroup;
			children = (
				531FFB5F2C4577E3002BF9B2 /* crypto */,
				531FFB5E2C4577E3002BF9B2 /* Products */,
			);
			sourceTree = "<group>";
		};
		531FFB5E2C4577E3002BF9B2 /* Products */ = {
			isa = PBXGroup;
			children = (
				531FFB5D2C4577E3002BF9B2 /* crypto.app */,
			);
			name = Products;
			sourceTree = "<group>";
		};
		531FFB5F2C4577E3002BF9B2 /* crypto */ = {
			isa = PBXGroup;
			children = (
				531FFB602C4577E3002BF9B2 /* cryptoApp.swift */,
				531FFB702C460978002BF9B2 /* Extensions */,
				531FFB8D2C466189002BF9B2 /* Utilities */,
				531FFB8A2C46527E002BF9B2 /* Repository */,
				531FFB7F2C4615F5002BF9B2 /* Model */,
				531FFB732C460B48002BF9B2 /* Core */,
				53ECBCD42C4A5D4600171810 /* Assets.xcassets */,
				531FFB622C4577E3002BF9B2 /* ContentView.swift */,
				531FFB662C4577E4002BF9B2 /* Preview Content */,
			);
			path = crypto;
			sourceTree = "<group>";
		};
		531FFB662C4577E4002BF9B2 /* Preview Content */ = {
			isa = PBXGroup;
			children = (
				531FFB672C4577E4002BF9B2 /* Preview Assets.xcassets */,
			);
			path = "Preview Content";
			sourceTree = "<group>";
		};
		531FFB702C460978002BF9B2 /* Extensions */ = {
			isa = PBXGroup;
			children = (
				531FFB712C46098B002BF9B2 /* Color.swift */,
				531FFB842C4628C2002BF9B2 /* PreviewProvider.swift */,
				531FFB862C462C29002BF9B2 /* Double.swift */,
				53ECBCD22C4976A000171810 /* UIApplication.swift */,
				53350FD72C574EC90086CF78 /* Date.swift */,
				53350FD92C576BF40086CF78 /* String.swift */,
			);
			path = Extensions;
			sourceTree = "<group>";
		};
		531FFB732C460B48002BF9B2 /* Core */ = {
			isa = PBXGroup;
			children = (
				536CC6B12C57E70300966E6A /* Launch */,
				531FFB792C460C82002BF9B2 /* Components */,
				531FFB742C460B57002BF9B2 /* Home */,
				53B158AF2C514C36000D1EF4 /* Detail */,
			);
			path = Core;
			sourceTree = "<group>";
		};
		531FFB742C460B57002BF9B2 /* Home */ = {
			isa = PBXGroup;
			children = (
				531FFB762C460B71002BF9B2 /* ViewModel */,
				531FFB752C460B6C002BF9B2 /* View */,
			);
			path = Home;
			sourceTree = "<group>";
		};
		531FFB752C460B6C002BF9B2 /* View */ = {
			isa = PBXGroup;
			children = (
				531FFB772C460B7C002BF9B2 /* HomeView.swift */,
				5341EFA42C4BA5F300042356 /* PortfolioVIew.swift */,
				531FFB822C462872002BF9B2 /* CoinRowView.swift */,
				5341EF9C2C4ABE3F00042356 /* HomeStatisticView.swift */,
			);
			path = View;
			sourceTree = "<group>";
		};
		531FFB762C460B71002BF9B2 /* ViewModel */ = {
			isa = PBXGroup;
			children = (
				531FFB882C464A7C002BF9B2 /* HomeViewModel.swift */,
			);
			path = ViewModel;
			sourceTree = "<group>";
		};
		531FFB792C460C82002BF9B2 /* Components */ = {
			isa = PBXGroup;
			children = (
				531FFB902C4673CE002BF9B2 /* CoinImage */,
				531FFB7A2C460CA9002BF9B2 /* CircleButton */,
				53ECBCD02C4971CD00171810 /* SearchBarView.swift */,
				5341EFA62C4BAA4900042356 /* XMarkButton.swift */,
				5341EF9A2C4ABA1300042356 /* StatisticView.swift */,
			);
			path = Components;
			sourceTree = "<group>";
		};
		531FFB7A2C460CA9002BF9B2 /* CircleButton */ = {
			isa = PBXGroup;
			children = (
				531FFB7B2C460CB9002BF9B2 /* CircleButtonView.swift */,
				531FFB7D2C460FC5002BF9B2 /* CircleButtonAnimationView.swift */,
			);
			path = CircleButton;
			sourceTree = "<group>";
		};
		531FFB7F2C4615F5002BF9B2 /* Model */ = {
			isa = PBXGroup;
			children = (
				531FFB802C46161C002BF9B2 /* CoinModel.swift */,
				533D79522C56A25D005F4AC3 /* CoinDetailModel.swift */,
				5341EF962C4AB89D00042356 /* StatisticModel.swift */,
				5341EFA02C4AC36C00042356 /* MarketDataModel.swift */,
				5341EFAA2C4C008200042356 /* PortfolioContainer.xcdatamodeld */,
			);
			path = Model;
			sourceTree = "<group>";
		};
		531FFB8A2C46527E002BF9B2 /* Repository */ = {
			isa = PBXGroup;
			children = (
				531FFB8B2C4652AC002BF9B2 /* CoinDataRepository.swift */,
				531FFB932C4676E5002BF9B2 /* CoinImageRepository.swift */,
				5341EFA22C4AC63300042356 /* MarketDataRepository.swift */,
				5341EFAD2C4C011A00042356 /* PortfolioDataRepository.swift */,
				533D79562C56A408005F4AC3 /* CoinDetailDataRepository.swift */,
			);
			path = Repository;
			sourceTree = "<group>";
		};
		531FFB8D2C466189002BF9B2 /* Utilities */ = {
			isa = PBXGroup;
			children = (
				531FFB8E2C4661C6002BF9B2 /* NetworkingManager.swift */,
				53ECBCCE2C49645D00171810 /* LocalFileManager.swift */,
				53863EAC2C4D22EA00D11F53 /* HapticManager.swift */,
			);
			path = Utilities;
			sourceTree = "<group>";
		};
		531FFB902C4673CE002BF9B2 /* CoinImage */ = {
			isa = PBXGroup;
			children = (
				531FFB912C4673DE002BF9B2 /* CoinImageView.swift */,
				531FFB952C4678AC002BF9B2 /* CoinImageViewModel.swift */,
				5341EFA82C4BABFE00042356 /* CoinLogoView.swift */,
			);
			path = CoinImage;
			sourceTree = "<group>";
		};
		536CC6B12C57E70300966E6A /* Launch */ = {
			isa = PBXGroup;
			children = (
				536CC6B22C57E70B00966E6A /* View */,
			);
			path = Launch;
			sourceTree = "<group>";
		};
		536CC6B22C57E70B00966E6A /* View */ = {
			isa = PBXGroup;
			children = (
				536CC6B32C57E71B00966E6A /* LaunchScreen.storyboard */,
				536CC6B52C57E8A800966E6A /* LaunchView.swift */,
			);
			path = View;
			sourceTree = "<group>";
		};
		53B158AF2C514C36000D1EF4 /* Detail */ = {
			isa = PBXGroup;
			children = (
				53B158B12C514C4C000D1EF4 /* View */,
				53B158B02C514C42000D1EF4 /* ViewModel */,
			);
			path = Detail;
			sourceTree = "<group>";
		};
		53B158B02C514C42000D1EF4 /* ViewModel */ = {
			isa = PBXGroup;
			children = (
				533D79542C56A3D6005F4AC3 /* DetailViewModel.swift */,
			);
			path = ViewModel;
			sourceTree = "<group>";
		};
		53B158B12C514C4C000D1EF4 /* View */ = {
			isa = PBXGroup;
			children = (
				53B158B22C514C68000D1EF4 /* DetailView.swift */,
				53350FD52C5747970086CF78 /* ChartView.swift */,
			);
			path = View;
			sourceTree = "<group>";
		};
/* End PBXGroup section */

/* Begin PBXNativeTarget section */
		531FFB5C2C4577E3002BF9B2 /* crypto */ = {
			isa = PBXNativeTarget;
			buildConfigurationList = 531FFB6B2C4577E4002BF9B2 /* Build configuration list for PBXNativeTarget "crypto" */;
			buildPhases = (
				531FFB592C4577E3002BF9B2 /* Sources */,
				531FFB5A2C4577E3002BF9B2 /* Frameworks */,
				531FFB5B2C4577E3002BF9B2 /* Resources */,
			);
			buildRules = (
			);
			dependencies = (
			);
			name = crypto;
			productName = crypto;
			productReference = 531FFB5D2C4577E3002BF9B2 /* crypto.app */;
			productType = "com.apple.product-type.application";
		};
/* End PBXNativeTarget section */

/* Begin PBXProject section */
		531FFB552C4577E3002BF9B2 /* Project object */ = {
			isa = PBXProject;
			attributes = {
				BuildIndependentTargetsInParallel = 1;
				LastSwiftUpdateCheck = 1540;
				LastUpgradeCheck = 1540;
				TargetAttributes = {
					531FFB5C2C4577E3002BF9B2 = {
						CreatedOnToolsVersion = 15.4;
					};
				};
			};
			buildConfigurationList = 531FFB582C4577E3002BF9B2 /* Build configuration list for PBXProject "crypto" */;
			compatibilityVersion = "Xcode 14.0";
			developmentRegion = en;
			hasScannedForEncodings = 0;
			knownRegions = (
				en,
				Base,
			);
			mainGroup = 531FFB542C4577E3002BF9B2;
			productRefGroup = 531FFB5E2C4577E3002BF9B2 /* Products */;
			projectDirPath = "";
			projectRoot = "";
			targets = (
				531FFB5C2C4577E3002BF9B2 /* crypto */,
			);
		};
/* End PBXProject section */

/* Begin PBXResourcesBuildPhase section */
		531FFB5B2C4577E3002BF9B2 /* Resources */ = {
			isa = PBXResourcesBuildPhase;
			buildActionMask = 2147483647;
			files = (
				536CC6B42C57E71B00966E6A /* LaunchScreen.storyboard in Resources */,
				53ECBCD52C4A5D4700171810 /* Assets.xcassets in Resources */,
				531FFB682C4577E4002BF9B2 /* Preview Assets.xcassets in Resources */,
			);
			runOnlyForDeploymentPostprocessing = 0;
		};
/* End PBXResourcesBuildPhase section */

/* Begin PBXSourcesBuildPhase section */
		531FFB592C4577E3002BF9B2 /* Sources */ = {
			isa = PBXSourcesBuildPhase;
			buildActionMask = 2147483647;
			files = (
				5341EFAC2C4C008200042356 /* PortfolioContainer.xcdatamodeld in Sources */,
				5341EF9D2C4ABE3F00042356 /* HomeStatisticView.swift in Sources */,
				5341EF972C4AB89D00042356 /* StatisticModel.swift in Sources */,
				53350FD62C5747970086CF78 /* ChartView.swift in Sources */,
				531FFB832C462872002BF9B2 /* CoinRowView.swift in Sources */,
				5341EFA72C4BAA4900042356 /* XMarkButton.swift in Sources */,
				531FFB892C464A7C002BF9B2 /* HomeViewModel.swift in Sources */,
				536CC6B62C57E8A800966E6A /* LaunchView.swift in Sources */,
				53350FD82C574EC90086CF78 /* Date.swift in Sources */,
				531FFB632C4577E3002BF9B2 /* ContentView.swift in Sources */,
				531FFB782C460B7C002BF9B2 /* HomeView.swift in Sources */,
				5341EFA12C4AC36C00042356 /* MarketDataModel.swift in Sources */,
				53ECBCCF2C49645D00171810 /* LocalFileManager.swift in Sources */,
				531FFB612C4577E3002BF9B2 /* cryptoApp.swift in Sources */,
				5341EFA52C4BA5F300042356 /* PortfolioVIew.swift in Sources */,
				5341EF9B2C4ABA1300042356 /* StatisticView.swift in Sources */,
				531FFB922C4673DE002BF9B2 /* CoinImageView.swift in Sources */,
				531FFB7C2C460CB9002BF9B2 /* CircleButtonView.swift in Sources */,
				53ECBCD32C4976A000171810 /* UIApplication.swift in Sources */,
				53B158B32C514C68000D1EF4 /* DetailView.swift in Sources */,
				53863EAD2C4D22EA00D11F53 /* HapticManager.swift in Sources */,
				531FFB942C4676E5002BF9B2 /* CoinImageRepository.swift in Sources */,
				531FFB722C46098B002BF9B2 /* Color.swift in Sources */,
				5341EFA92C4BABFE00042356 /* CoinLogoView.swift in Sources */,
				53ECBCD12C4971CD00171810 /* SearchBarView.swift in Sources */,
				531FFB7E2C460FC5002BF9B2 /* CircleButtonAnimationView.swift in Sources */,
				531FFB8F2C4661C6002BF9B2 /* NetworkingManager.swift in Sources */,
				531FFB962C4678AC002BF9B2 /* CoinImageViewModel.swift in Sources */,
				53350FDA2C576BF40086CF78 /* String.swift in Sources */,
				5341EFA32C4AC63300042356 /* MarketDataRepository.swift in Sources */,
				5341EFAE2C4C011A00042356 /* PortfolioDataRepository.swift in Sources */,
				531FFB852C4628C2002BF9B2 /* PreviewProvider.swift in Sources */,
				531FFB872C462C29002BF9B2 /* Double.swift in Sources */,
				533D79532C56A25D005F4AC3 /* CoinDetailModel.swift in Sources */,
				531FFB8C2C4652AC002BF9B2 /* CoinDataRepository.swift in Sources */,
				533D79572C56A408005F4AC3 /* CoinDetailDataRepository.swift in Sources */,
				533D79552C56A3D6005F4AC3 /* DetailViewModel.swift in Sources */,
				531FFB812C46161C002BF9B2 /* CoinModel.swift in Sources */,
			);
			runOnlyForDeploymentPostprocessing = 0;
		};
/* End PBXSourcesBuildPhase section */

/* Begin XCBuildConfiguration section */
		531FFB692C4577E4002BF9B2 /* Debug */ = {
			isa = XCBuildConfiguration;
			buildSettings = {
				ALWAYS_SEARCH_USER_PATHS = NO;
				ASSETCATALOG_COMPILER_GENERATE_SWIFT_ASSET_SYMBOL_EXTENSIONS = YES;
				CLANG_ANALYZER_NONNULL = YES;
				CLANG_ANALYZER_NUMBER_OBJECT_CONVERSION = YES_AGGRESSIVE;
				CLANG_CXX_LANGUAGE_STANDARD = "gnu++20";
				CLANG_ENABLE_MODULES = YES;
				CLANG_ENABLE_OBJC_ARC = YES;
				CLANG_ENABLE_OBJC_WEAK = YES;
				CLANG_WARN_BLOCK_CAPTURE_AUTORELEASING = YES;
				CLANG_WARN_BOOL_CONVERSION = YES;
				CLANG_WARN_COMMA = YES;
				CLANG_WARN_CONSTANT_CONVERSION = YES;
				CLANG_WARN_DEPRECATED_OBJC_IMPLEMENTATIONS = YES;
				CLANG_WARN_DIRECT_OBJC_ISA_USAGE = YES_ERROR;
				CLANG_WARN_DOCUMENTATION_COMMENTS = YES;
				CLANG_WARN_EMPTY_BODY = YES;
				CLANG_WARN_ENUM_CONVERSION = YES;
				CLANG_WARN_INFINITE_RECURSION = YES;
				CLANG_WARN_INT_CONVERSION = YES;
				CLANG_WARN_NON_LITERAL_NULL_CONVERSION = YES;
				CLANG_WARN_OBJC_IMPLICIT_RETAIN_SELF = YES;
				CLANG_WARN_OBJC_LITERAL_CONVERSION = YES;
				CLANG_WARN_OBJC_ROOT_CLASS = YES_ERROR;
				CLANG_WARN_QUOTED_INCLUDE_IN_FRAMEWORK_HEADER = YES;
				CLANG_WARN_RANGE_LOOP_ANALYSIS = YES;
				CLANG_WARN_STRICT_PROTOTYPES = YES;
				CLANG_WARN_SUSPICIOUS_MOVE = YES;
				CLANG_WARN_UNGUARDED_AVAILABILITY = YES_AGGRESSIVE;
				CLANG_WARN_UNREACHABLE_CODE = YES;
				CLANG_WARN__DUPLICATE_METHOD_MATCH = YES;
				COPY_PHASE_STRIP = NO;
				DEBUG_INFORMATION_FORMAT = dwarf;
				ENABLE_STRICT_OBJC_MSGSEND = YES;
				ENABLE_TESTABILITY = YES;
				ENABLE_USER_SCRIPT_SANDBOXING = YES;
				GCC_C_LANGUAGE_STANDARD = gnu17;
				GCC_DYNAMIC_NO_PIC = NO;
				GCC_NO_COMMON_BLOCKS = YES;
				GCC_OPTIMIZATION_LEVEL = 0;
				GCC_PREPROCESSOR_DEFINITIONS = (
					"DEBUG=1",
					"$(inherited)",
				);
				GCC_WARN_64_TO_32_BIT_CONVERSION = YES;
				GCC_WARN_ABOUT_RETURN_TYPE = YES_ERROR;
				GCC_WARN_UNDECLARED_SELECTOR = YES;
				GCC_WARN_UNINITIALIZED_AUTOS = YES_AGGRESSIVE;
				GCC_WARN_UNUSED_FUNCTION = YES;
				GCC_WARN_UNUSED_VARIABLE = YES;
				IPHONEOS_DEPLOYMENT_TARGET = 17.5;
				LOCALIZATION_PREFERS_STRING_CATALOGS = YES;
				MTL_ENABLE_DEBUG_INFO = INCLUDE_SOURCE;
				MTL_FAST_MATH = YES;
				ONLY_ACTIVE_ARCH = YES;
				SDKROOT = iphoneos;
				SWIFT_ACTIVE_COMPILATION_CONDITIONS = "DEBUG $(inherited)";
				SWIFT_OPTIMIZATION_LEVEL = "-Onone";
			};
			name = Debug;
		};
		531FFB6A2C4577E4002BF9B2 /* Release */ = {
			isa = XCBuildConfiguration;
			buildSettings = {
				ALWAYS_SEARCH_USER_PATHS = NO;
				ASSETCATALOG_COMPILER_GENERATE_SWIFT_ASSET_SYMBOL_EXTENSIONS = YES;
				CLANG_ANALYZER_NONNULL = YES;
				CLANG_ANALYZER_NUMBER_OBJECT_CONVERSION = YES_AGGRESSIVE;
				CLANG_CXX_LANGUAGE_STANDARD = "gnu++20";
				CLANG_ENABLE_MODULES = YES;
				CLANG_ENABLE_OBJC_ARC = YES;
				CLANG_ENABLE_OBJC_WEAK = YES;
				CLANG_WARN_BLOCK_CAPTURE_AUTORELEASING = YES;
				CLANG_WARN_BOOL_CONVERSION = YES;
				CLANG_WARN_COMMA = YES;
				CLANG_WARN_CONSTANT_CONVERSION = YES;
				CLANG_WARN_DEPRECATED_OBJC_IMPLEMENTATIONS = YES;
				CLANG_WARN_DIRECT_OBJC_ISA_USAGE = YES_ERROR;
				CLANG_WARN_DOCUMENTATION_COMMENTS = YES;
				CLANG_WARN_EMPTY_BODY = YES;
				CLANG_WARN_ENUM_CONVERSION = YES;
				CLANG_WARN_INFINITE_RECURSION = YES;
				CLANG_WARN_INT_CONVERSION = YES;
				CLANG_WARN_NON_LITERAL_NULL_CONVERSION = YES;
				CLANG_WARN_OBJC_IMPLICIT_RETAIN_SELF = YES;
				CLANG_WARN_OBJC_LITERAL_CONVERSION = YES;
				CLANG_WARN_OBJC_ROOT_CLASS = YES_ERROR;
				CLANG_WARN_QUOTED_INCLUDE_IN_FRAMEWORK_HEADER = YES;
				CLANG_WARN_RANGE_LOOP_ANALYSIS = YES;
				CLANG_WARN_STRICT_PROTOTYPES = YES;
				CLANG_WARN_SUSPICIOUS_MOVE = YES;
				CLANG_WARN_UNGUARDED_AVAILABILITY = YES_AGGRESSIVE;
				CLANG_WARN_UNREACHABLE_CODE = YES;
				CLANG_WARN__DUPLICATE_METHOD_MATCH = YES;
				COPY_PHASE_STRIP = NO;
				DEBUG_INFORMATION_FORMAT = "dwarf-with-dsym";
				ENABLE_NS_ASSERTIONS = NO;
				ENABLE_STRICT_OBJC_MSGSEND = YES;
				ENABLE_USER_SCRIPT_SANDBOXING = YES;
				GCC_C_LANGUAGE_STANDARD = gnu17;
				GCC_NO_COMMON_BLOCKS = YES;
				GCC_WARN_64_TO_32_BIT_CONVERSION = YES;
				GCC_WARN_ABOUT_RETURN_TYPE = YES_ERROR;
				GCC_WARN_UNDECLARED_SELECTOR = YES;
				GCC_WARN_UNINITIALIZED_AUTOS = YES_AGGRESSIVE;
				GCC_WARN_UNUSED_FUNCTION = YES;
				GCC_WARN_UNUSED_VARIABLE = YES;
				IPHONEOS_DEPLOYMENT_TARGET = 17.5;
				LOCALIZATION_PREFERS_STRING_CATALOGS = YES;
				MTL_ENABLE_DEBUG_INFO = NO;
				MTL_FAST_MATH = YES;
				SDKROOT = iphoneos;
				SWIFT_COMPILATION_MODE = wholemodule;
				VALIDATE_PRODUCT = YES;
			};
			name = Release;
		};
		531FFB6C2C4577E4002BF9B2 /* Debug */ = {
			isa = XCBuildConfiguration;
			buildSettings = {
				ASSETCATALOG_COMPILER_APPICON_NAME = AppIcon;
				ASSETCATALOG_COMPILER_GLOBAL_ACCENT_COLOR_NAME = AccentColor;
				CODE_SIGN_STYLE = Automatic;
				CURRENT_PROJECT_VERSION = 1;
				DEVELOPMENT_ASSET_PATHS = "\"crypto/Preview Content\"";
				ENABLE_PREVIEWS = YES;
				GENERATE_INFOPLIST_FILE = YES;
				INFOPLIST_KEY_CFBundleDisplayName = "Crypto Tracker";
				INFOPLIST_KEY_UIApplicationSceneManifest_Generation = YES;
				INFOPLIST_KEY_UIApplicationSupportsIndirectInputEvents = YES;
				INFOPLIST_KEY_UILaunchStoryboardName = LaunchScreen.storyboard;
				INFOPLIST_KEY_UISupportedInterfaceOrientations = UIInterfaceOrientationPortrait;
				LD_RUNPATH_SEARCH_PATHS = (
					"$(inherited)",
					"@executable_path/Frameworks",
				);
				MARKETING_VERSION = 1.0;
				PRODUCT_BUNDLE_IDENTIFIER = com.imdung.crypto;
				PRODUCT_NAME = "$(TARGET_NAME)";
				SWIFT_EMIT_LOC_STRINGS = YES;
				SWIFT_VERSION = 5.0;
				TARGETED_DEVICE_FAMILY = "1,2";
			};
			name = Debug;
		};
		531FFB6D2C4577E4002BF9B2 /* Release */ = {
			isa = XCBuildConfiguration;
			buildSettings = {
				ASSETCATALOG_COMPILER_APPICON_NAME = AppIcon;
				ASSETCATALOG_COMPILER_GLOBAL_ACCENT_COLOR_NAME = AccentColor;
				CODE_SIGN_STYLE = Automatic;
				CURRENT_PROJECT_VERSION = 1;
				DEVELOPMENT_ASSET_PATHS = "\"crypto/Preview Content\"";
				ENABLE_PREVIEWS = YES;
				GENERATE_INFOPLIST_FILE = YES;
				INFOPLIST_KEY_CFBundleDisplayName = "Crypto Tracker";
				INFOPLIST_KEY_UIApplicationSceneManifest_Generation = YES;
				INFOPLIST_KEY_UIApplicationSupportsIndirectInputEvents = YES;
				INFOPLIST_KEY_UILaunchStoryboardName = LaunchScreen.storyboard;
				INFOPLIST_KEY_UISupportedInterfaceOrientations = UIInterfaceOrientationPortrait;
				LD_RUNPATH_SEARCH_PATHS = (
					"$(inherited)",
					"@executable_path/Frameworks",
				);
				MARKETING_VERSION = 1.0;
				PRODUCT_BUNDLE_IDENTIFIER = com.imdung.crypto;
				PRODUCT_NAME = "$(TARGET_NAME)";
				SWIFT_EMIT_LOC_STRINGS = YES;
				SWIFT_VERSION = 5.0;
				TARGETED_DEVICE_FAMILY = "1,2";
			};
			name = Release;
		};
/* End XCBuildConfiguration section */

/* Begin XCConfigurationList section */
		531FFB582C4577E3002BF9B2 /* Build configuration list for PBXProject "crypto" */ = {
			isa = XCConfigurationList;
			buildConfigurations = (
				531FFB692C4577E4002BF9B2 /* Debug */,
				531FFB6A2C4577E4002BF9B2 /* Release */,
			);
			defaultConfigurationIsVisible = 0;
			defaultConfigurationName = Release;
		};
		531FFB6B2C4577E4002BF9B2 /* Build configuration list for PBXNativeTarget "crypto" */ = {
			isa = XCConfigurationList;
			buildConfigurations = (
				531FFB6C2C4577E4002BF9B2 /* Debug */,
				531FFB6D2C4577E4002BF9B2 /* Release */,
			);
			defaultConfigurationIsVisible = 0;
			defaultConfigurationName = Release;
		};
/* End XCConfigurationList section */

/* Begin XCVersionGroup section */
		5341EFAA2C4C008200042356 /* PortfolioContainer.xcdatamodeld */ = {
			isa = XCVersionGroup;
			children = (
				5341EFAB2C4C008200042356 /* PortfolioContainer.xcdatamodel */,
			);
			currentVersion = 5341EFAB2C4C008200042356 /* PortfolioContainer.xcdatamodel */;
			name = PortfolioContainer.xcdatamodeld;
			path = /Users/imdung/Documents/ios/crypto/crypto/Model/PortfolioContainer.xcdatamodeld;
			sourceTree = "<group>";
			versionGroupType = wrapper.xcdatamodel;
		};
/* End XCVersionGroup section */
	};
	rootObject = 531FFB552C4577E3002BF9B2 /* Project object */;
}
